
Microsoft Visual Studio Solution File, Format Version 12.00
# Visual Studio Version 16
VisualStudioVersion = 16.0.29709.97
MinimumVisualStudioVersion = 10.0.40219.1
Project("{9A19103F-16F7-4668-BE54-9A1E7A4F7556}") = "DevConsole", "DevConsole\DevConsole.csproj", "{A7F2FE6B-F73A-4C3A-BBB5-CBAFEAEFBF3E}"
EndProject
Global
	GlobalSection(SolutionConfigurationPlatforms) = preSolution
		Debug|Any CPU = Debug|Any CPU
		Release|Any CPU = Release|Any CPU
	EndGlobalSection
	GlobalSection(ProjectConfigurationPlatforms) = postSolution
		{A7F2FE6B-F73A-4C3A-BBB5-CBAFEAEFBF3E}.Debug|Any CPU.ActiveCfg = Debug|Any CPU
		{A7F2FE6B-F73A-4C3A-BBB5-CBAFEAEFBF3E}.Debug|Any CPU.Build.0 = Debug|Any CPU
		{A7F2FE6B-F73A-4C3A-BBB5-CBAFEAEFBF3E}.Release|Any CPU.ActiveCfg = Release|Any CPU
		{A7F2FE6B-F73A-4C3A-BBB5-CBAFEAEFBF3E}.Release|Any CPU.Build.0 = Release|Any CPU
	EndGlobalSection
	GlobalSection(SolutionProperties) = preSolution
		HideSolutionNode = FALSE
	EndGlobalSection
	GlobalSection(ExtensibilityGlobals) = postSolution
		SolutionGuid = {CA078C1E-8DE0-4AE0-BEEE-AAE2B4ECCAEF}
	EndGlobalSection
EndGlobal
